
Microsoft Visual Studio Solution File, Format Version 12.00
# Visual Studio Version 16
VisualStudioVersion = 16.0.33927.289
MinimumVisualStudioVersion = 10.0.40219.1
Project("{FAE04EC0-301F-11D3-BF4B-00C04F79EFBC}") = "EFCodeFirst", "EFCodeFirst\EFCodeFirst.csproj", "{C81B963A-7BD3-4B7F-B546-9F48DC0D9892}"
EndProject
Global
	GlobalSection(SolutionConfigurationPlatforms) = preSolution
		Debug|Any CPU = Debug|Any CPU
		Release|Any CPU = Release|Any CPU
	EndGlobalSection
	GlobalSection(ProjectConfigurationPlatforms) = postSolution
		{C81B963A-7BD3-4B7F-B546-9F48DC0D9892}.Debug|Any CPU.ActiveCfg = Debug|Any CPU
		{C81B963A-7BD3-4B7F-B546-9F48DC0D9892}.Debug|Any CPU.Build.0 = Debug|Any CPU
		{C81B963A-7BD3-4B7F-B546-9F48DC0D9892}.Release|Any CPU.ActiveCfg = Release|Any CPU
		{C81B963A-7BD3-4B7F-B546-9F48DC0D9892}.Release|Any CPU.Build.0 = Release|Any CPU
	EndGlobalSection
	GlobalSection(SolutionProperties) = preSolution
		HideSolutionNode = FALSE
	EndGlobalSection
	GlobalSection(ExtensibilityGlobals) = postSolution
		SolutionGuid = {C62F97B0-6B78-4FDE-B453-37C2482584DF}
	EndGlobalSection
EndGlobal
